
Microsoft Visual Studio Solution File, Format Version 12.00
# Visual Studio Version 17
VisualStudioVersion = 17.2.32602.215
MinimumVisualStudioVersion = 10.0.40219.1
Project("{8BC9CEB8-8B4A-11D0-8D11-00A0C91BC942}") = "10869 사칙연산", "10869 사칙연산.vcxproj", "{03461ECA-0BF5-4BA9-B91F-E3E8487BD6AA}"
EndProject
Global
	GlobalSection(SolutionConfigurationPlatforms) = preSolution
		Debug|x64 = Debug|x64
		Debug|x86 = Debug|x86
		Release|x64 = Release|x64
		Release|x86 = Release|x86
	EndGlobalSection
	GlobalSection(ProjectConfigurationPlatforms) = postSolution
		{03461ECA-0BF5-4BA9-B91F-E3E8487BD6AA}.Debug|x64.ActiveCfg = Debug|x64
		{03461ECA-0BF5-4BA9-B91F-E3E8487BD6AA}.Debug|x64.Build.0 = Debug|x64
		{03461ECA-0BF5-4BA9-B91F-E3E8487BD6AA}.Debug|x86.ActiveCfg = Debug|Win32
		{03461ECA-0BF5-4BA9-B91F-E3E8487BD6AA}.Debug|x86.Build.0 = Debug|Win32
		{03461ECA-0BF5-4BA9-B91F-E3E8487BD6AA}.Release|x64.ActiveCfg = Release|x64
		{03461ECA-0BF5-4BA9-B91F-E3E8487BD6AA}.Release|x64.Build.0 = Release|x64
		{03461ECA-0BF5-4BA9-B91F-E3E8487BD6AA}.Release|x86.ActiveCfg = Release|Win32
		{03461ECA-0BF5-4BA9-B91F-E3E8487BD6AA}.Release|x86.Build.0 = Release|Win32
	EndGlobalSection
	GlobalSection(SolutionProperties) = preSolution
		HideSolutionNode = FALSE
	EndGlobalSection
	GlobalSection(ExtensibilityGlobals) = postSolution
		SolutionGuid = {47A5102D-4DA6-41FD-875E-F527DC12ED6D}
	EndGlobalSection
EndGlobal
