
Microsoft Visual Studio Solution File, Format Version 12.00
# Visual Studio Version 17
VisualStudioVersion = 17.2.32602.215
MinimumVisualStudioVersion = 10.0.40219.1
Project("{8BC9CEB8-8B4A-11D0-8D11-00A0C91BC942}") = "9498 시험 성적", "9498 시험 성적.vcxproj", "{F5EF1D49-CA36-439F-A612-64156534336F}"
EndProject
Global
	GlobalSection(SolutionConfigurationPlatforms) = preSolution
		Debug|x64 = Debug|x64
		Debug|x86 = Debug|x86
		Release|x64 = Release|x64
		Release|x86 = Release|x86
	EndGlobalSection
	GlobalSection(ProjectConfigurationPlatforms) = postSolution
		{F5EF1D49-CA36-439F-A612-64156534336F}.Debug|x64.ActiveCfg = Debug|x64
		{F5EF1D49-CA36-439F-A612-64156534336F}.Debug|x64.Build.0 = Debug|x64
		{F5EF1D49-CA36-439F-A612-64156534336F}.Debug|x86.ActiveCfg = Debug|Win32
		{F5EF1D49-CA36-439F-A612-64156534336F}.Debug|x86.Build.0 = Debug|Win32
		{F5EF1D49-CA36-439F-A612-64156534336F}.Release|x64.ActiveCfg = Release|x64
		{F5EF1D49-CA36-439F-A612-64156534336F}.Release|x64.Build.0 = Release|x64
		{F5EF1D49-CA36-439F-A612-64156534336F}.Release|x86.ActiveCfg = Release|Win32
		{F5EF1D49-CA36-439F-A612-64156534336F}.Release|x86.Build.0 = Release|Win32
	EndGlobalSection
	GlobalSection(SolutionProperties) = preSolution
		HideSolutionNode = FALSE
	EndGlobalSection
	GlobalSection(ExtensibilityGlobals) = postSolution
		SolutionGuid = {28D6CE48-9369-4014-ACE5-5875E5E35505}
	EndGlobalSection
EndGlobal
