
Microsoft Visual Studio Solution File, Format Version 12.00
# Visual Studio Version 17
VisualStudioVersion = 17.2.32602.215
MinimumVisualStudioVersion = 10.0.40219.1
Project("{8BC9CEB8-8B4A-11D0-8D11-00A0C91BC942}") = "15552 빠른 A+B", "15552 빠른 A+B.vcxproj", "{D7D6C3F4-5755-486F-9E64-502D4194AE18}"
EndProject
Global
	GlobalSection(SolutionConfigurationPlatforms) = preSolution
		Debug|x64 = Debug|x64
		Debug|x86 = Debug|x86
		Release|x64 = Release|x64
		Release|x86 = Release|x86
	EndGlobalSection
	GlobalSection(ProjectConfigurationPlatforms) = postSolution
		{D7D6C3F4-5755-486F-9E64-502D4194AE18}.Debug|x64.ActiveCfg = Debug|x64
		{D7D6C3F4-5755-486F-9E64-502D4194AE18}.Debug|x64.Build.0 = Debug|x64
		{D7D6C3F4-5755-486F-9E64-502D4194AE18}.Debug|x86.ActiveCfg = Debug|Win32
		{D7D6C3F4-5755-486F-9E64-502D4194AE18}.Debug|x86.Build.0 = Debug|Win32
		{D7D6C3F4-5755-486F-9E64-502D4194AE18}.Release|x64.ActiveCfg = Release|x64
		{D7D6C3F4-5755-486F-9E64-502D4194AE18}.Release|x64.Build.0 = Release|x64
		{D7D6C3F4-5755-486F-9E64-502D4194AE18}.Release|x86.ActiveCfg = Release|Win32
		{D7D6C3F4-5755-486F-9E64-502D4194AE18}.Release|x86.Build.0 = Release|Win32
	EndGlobalSection
	GlobalSection(SolutionProperties) = preSolution
		HideSolutionNode = FALSE
	EndGlobalSection
	GlobalSection(ExtensibilityGlobals) = postSolution
		SolutionGuid = {6301F3F4-D7C3-4A9A-81CE-4FC0B20140C8}
	EndGlobalSection
EndGlobal
