
Microsoft Visual Studio Solution File, Format Version 12.00
# Visual Studio Version 17
VisualStudioVersion = 17.2.32602.215
MinimumVisualStudioVersion = 10.0.40219.1
Project("{8BC9CEB8-8B4A-11D0-8D11-00A0C91BC942}") = "기본_3986_좋은 단어", "기본_3986_좋은 단어.vcxproj", "{F04308AD-00D1-4807-9318-D2CAB58FA2C9}"
EndProject
Global
	GlobalSection(SolutionConfigurationPlatforms) = preSolution
		Debug|x64 = Debug|x64
		Debug|x86 = Debug|x86
		Release|x64 = Release|x64
		Release|x86 = Release|x86
	EndGlobalSection
	GlobalSection(ProjectConfigurationPlatforms) = postSolution
		{F04308AD-00D1-4807-9318-D2CAB58FA2C9}.Debug|x64.ActiveCfg = Debug|x64
		{F04308AD-00D1-4807-9318-D2CAB58FA2C9}.Debug|x64.Build.0 = Debug|x64
		{F04308AD-00D1-4807-9318-D2CAB58FA2C9}.Debug|x86.ActiveCfg = Debug|Win32
		{F04308AD-00D1-4807-9318-D2CAB58FA2C9}.Debug|x86.Build.0 = Debug|Win32
		{F04308AD-00D1-4807-9318-D2CAB58FA2C9}.Release|x64.ActiveCfg = Release|x64
		{F04308AD-00D1-4807-9318-D2CAB58FA2C9}.Release|x64.Build.0 = Release|x64
		{F04308AD-00D1-4807-9318-D2CAB58FA2C9}.Release|x86.ActiveCfg = Release|Win32
		{F04308AD-00D1-4807-9318-D2CAB58FA2C9}.Release|x86.Build.0 = Release|Win32
	EndGlobalSection
	GlobalSection(SolutionProperties) = preSolution
		HideSolutionNode = FALSE
	EndGlobalSection
	GlobalSection(ExtensibilityGlobals) = postSolution
		SolutionGuid = {FF30FE21-6B7A-402B-81D4-2122093012B6}
	EndGlobalSection
EndGlobal
