
Microsoft Visual Studio Solution File, Format Version 12.00
# Visual Studio Version 17
VisualStudioVersion = 17.2.32602.215
MinimumVisualStudioVersion = 10.0.40219.1
Project("{8BC9CEB8-8B4A-11D0-8D11-00A0C91BC942}") = "응용_1874_스택 수열", "응용_1874_스택 수열.vcxproj", "{A4A21C8A-676B-4E8B-B75E-AD9E9BFD2615}"
EndProject
Global
	GlobalSection(SolutionConfigurationPlatforms) = preSolution
		Debug|x64 = Debug|x64
		Debug|x86 = Debug|x86
		Release|x64 = Release|x64
		Release|x86 = Release|x86
	EndGlobalSection
	GlobalSection(ProjectConfigurationPlatforms) = postSolution
		{A4A21C8A-676B-4E8B-B75E-AD9E9BFD2615}.Debug|x64.ActiveCfg = Debug|x64
		{A4A21C8A-676B-4E8B-B75E-AD9E9BFD2615}.Debug|x64.Build.0 = Debug|x64
		{A4A21C8A-676B-4E8B-B75E-AD9E9BFD2615}.Debug|x86.ActiveCfg = Debug|Win32
		{A4A21C8A-676B-4E8B-B75E-AD9E9BFD2615}.Debug|x86.Build.0 = Debug|Win32
		{A4A21C8A-676B-4E8B-B75E-AD9E9BFD2615}.Release|x64.ActiveCfg = Release|x64
		{A4A21C8A-676B-4E8B-B75E-AD9E9BFD2615}.Release|x64.Build.0 = Release|x64
		{A4A21C8A-676B-4E8B-B75E-AD9E9BFD2615}.Release|x86.ActiveCfg = Release|Win32
		{A4A21C8A-676B-4E8B-B75E-AD9E9BFD2615}.Release|x86.Build.0 = Release|Win32
	EndGlobalSection
	GlobalSection(SolutionProperties) = preSolution
		HideSolutionNode = FALSE
	EndGlobalSection
	GlobalSection(ExtensibilityGlobals) = postSolution
		SolutionGuid = {5F90D763-DF69-4188-B1C0-179C3BD073B8}
	EndGlobalSection
EndGlobal
