
Microsoft Visual Studio Solution File, Format Version 12.00
# Visual Studio Version 17
VisualStudioVersion = 17.2.32602.215
MinimumVisualStudioVersion = 10.0.40219.1
Project("{8BC9CEB8-8B4A-11D0-8D11-00A0C91BC942}") = "연습_10828_스택", "연습_10828_스택.vcxproj", "{485751AA-0B50-4666-9C5F-9AFEE0DF103A}"
EndProject
Global
	GlobalSection(SolutionConfigurationPlatforms) = preSolution
		Debug|x64 = Debug|x64
		Debug|x86 = Debug|x86
		Release|x64 = Release|x64
		Release|x86 = Release|x86
	EndGlobalSection
	GlobalSection(ProjectConfigurationPlatforms) = postSolution
		{485751AA-0B50-4666-9C5F-9AFEE0DF103A}.Debug|x64.ActiveCfg = Debug|x64
		{485751AA-0B50-4666-9C5F-9AFEE0DF103A}.Debug|x64.Build.0 = Debug|x64
		{485751AA-0B50-4666-9C5F-9AFEE0DF103A}.Debug|x86.ActiveCfg = Debug|Win32
		{485751AA-0B50-4666-9C5F-9AFEE0DF103A}.Debug|x86.Build.0 = Debug|Win32
		{485751AA-0B50-4666-9C5F-9AFEE0DF103A}.Release|x64.ActiveCfg = Release|x64
		{485751AA-0B50-4666-9C5F-9AFEE0DF103A}.Release|x64.Build.0 = Release|x64
		{485751AA-0B50-4666-9C5F-9AFEE0DF103A}.Release|x86.ActiveCfg = Release|Win32
		{485751AA-0B50-4666-9C5F-9AFEE0DF103A}.Release|x86.Build.0 = Release|Win32
	EndGlobalSection
	GlobalSection(SolutionProperties) = preSolution
		HideSolutionNode = FALSE
	EndGlobalSection
	GlobalSection(ExtensibilityGlobals) = postSolution
		SolutionGuid = {7404A8D8-2D30-423C-BCB6-5635582A29B0}
	EndGlobalSection
EndGlobal
