
Microsoft Visual Studio Solution File, Format Version 12.00
# Visual Studio Version 17
VisualStudioVersion = 17.2.32602.215
MinimumVisualStudioVersion = 10.0.40219.1
Project("{8BC9CEB8-8B4A-11D0-8D11-00A0C91BC942}") = "1475 방 번호", "1475 방 번호.vcxproj", "{47A7E03A-E72E-4F37-A7D1-C8E7B1F76E11}"
EndProject
Global
	GlobalSection(SolutionConfigurationPlatforms) = preSolution
		Debug|x64 = Debug|x64
		Debug|x86 = Debug|x86
		Release|x64 = Release|x64
		Release|x86 = Release|x86
	EndGlobalSection
	GlobalSection(ProjectConfigurationPlatforms) = postSolution
		{47A7E03A-E72E-4F37-A7D1-C8E7B1F76E11}.Debug|x64.ActiveCfg = Debug|x64
		{47A7E03A-E72E-4F37-A7D1-C8E7B1F76E11}.Debug|x64.Build.0 = Debug|x64
		{47A7E03A-E72E-4F37-A7D1-C8E7B1F76E11}.Debug|x86.ActiveCfg = Debug|Win32
		{47A7E03A-E72E-4F37-A7D1-C8E7B1F76E11}.Debug|x86.Build.0 = Debug|Win32
		{47A7E03A-E72E-4F37-A7D1-C8E7B1F76E11}.Release|x64.ActiveCfg = Release|x64
		{47A7E03A-E72E-4F37-A7D1-C8E7B1F76E11}.Release|x64.Build.0 = Release|x64
		{47A7E03A-E72E-4F37-A7D1-C8E7B1F76E11}.Release|x86.ActiveCfg = Release|Win32
		{47A7E03A-E72E-4F37-A7D1-C8E7B1F76E11}.Release|x86.Build.0 = Release|Win32
	EndGlobalSection
	GlobalSection(SolutionProperties) = preSolution
		HideSolutionNode = FALSE
	EndGlobalSection
	GlobalSection(ExtensibilityGlobals) = postSolution
		SolutionGuid = {4E8FF1BD-5B82-4DBD-8084-DD65D2DD1F68}
	EndGlobalSection
EndGlobal
